[[package]]
name = "beautifulsoup4"
version = "4.9.3"
description = "Screen-scraping library"
category = "main"
optional = false
python-versions = "*"

[package.dependencies]
soupsieve = {version = ">1.2", markers = "python_version >= \"3.0\""}

[package.extras]
lxml = ["lxml"]
html5lib = ["html5lib"]

[[package]]
name = "bs4"
version = "0.0.1"
description = "Dummy package for Beautiful Soup"
category = "main"
optional = false
python-versions = "*"

[package.dependencies]
beautifulsoup4 = "*"

[[package]]
name = "gensim"
version = "4.2.0"
description = "Python framework for fast Vector Space Modelling"
category = "main"
optional = true
python-versions = ">=3.6"

[package.dependencies]
numpy = ">=1.17.0"
scipy = ">=0.18.1"
smart-open = ">=1.8.1"

[package.extras]
test-win = ["nmslib", "pyemd", "testfixtures", "cython", "mock", "pytest-cov", "pytest"]
test = ["visdom (>0.1.8.7)", "nmslib", "pyemd", "testfixtures", "cython", "mock", "pytest-cov", "pytest"]
docs = ["pandas", "statsmodels", "nltk", "pyro4", "annoy", "memory-profiler", "matplotlib", "sphinxcontrib-napoleon", "sphinxcontrib.programoutput", "sphinx-gallery", "sphinx", "visdom (>0.1.8.7)", "Pyro4 (>=4.27)", "nmslib", "pyemd", "testfixtures", "cython", "mock", "pytest-cov", "pytest"]
distributed = ["Pyro4 (>=4.27)"]

[[package]]
name = "numpy"
version = "1.23.2"
description = "NumPy is the fundamental package for array computing with Python."
category = "main"
optional = false
python-versions = ">=3.8"

[[package]]
name = "scipy"
version = "1.6.1"
description = "SciPy: Scientific Library for Python"
category = "main"
optional = false
python-versions = ">=3.7"

[package.dependencies]
numpy = ">=1.16.5"

[[package]]
name = "smart-open"
version = "6.0.0"
description = "Utils for streaming large files (S3, HDFS, GCS, Azure Blob Storage, gzip, bz2...)"
category = "main"
optional = false
python-versions = ">=3.6,<4.0"

[package.extras]
all = ["boto3", "google-cloud-storage (>=1.31.0)", "azure-storage-blob", "azure-common", "azure-core", "requests"]
azure = ["azure-storage-blob", "azure-common", "azure-core"]
gcs = ["google-cloud-storage (>=1.31.0)"]
http = ["requests"]
s3 = ["boto3"]
test = ["boto3", "google-cloud-storage (>=1.31.0)", "azure-storage-blob", "azure-common", "azure-core", "requests", "moto", "pathlib2", "responses", "paramiko", "pytest", "pytest-rerunfailures"]
webhdfs = ["requests"]

[[package]]
name = "soupsieve"
version = "2.0.1"
description = "A modern CSS selector implementation for Beautiful Soup."
category = "main"
optional = false
python-versions = ">=3.5"

[metadata]
lock-version = "1.1"
python-versions = "^3.8"
content-hash = "dfb6af235209d09e7d6e25c3001b3cdc74264c6de8e33191bf89e18f4300f82d"

[metadata.files]
beautifulsoup4 = []
bs4 = []
gensim = []
numpy = []
scipy = []
smart-open = []
soupsieve = []
